
Microsoft Visual Studio Solution File, Format Version 12.00
# Visual Studio Version 17
VisualStudioVersion = 17.7.34024.191
MinimumVisualStudioVersion = 10.0.40219.1
Project("{FAE04EC0-301F-11D3-BF4B-00C04F79EFBC}") = "Week9Lists", "Week9Lists\Week9Lists.csproj", "{3F832F6E-E107-4173-AE7D-02822A66DFBC}"
EndProject
Global
	GlobalSection(SolutionConfigurationPlatforms) = preSolution
		Debug|Any CPU = Debug|Any CPU
		Release|Any CPU = Release|Any CPU
	EndGlobalSection
	GlobalSection(ProjectConfigurationPlatforms) = postSolution
		{3F832F6E-E107-4173-AE7D-02822A66DFBC}.Debug|Any CPU.ActiveCfg = Debug|Any CPU
		{3F832F6E-E107-4173-AE7D-02822A66DFBC}.Debug|Any CPU.Build.0 = Debug|Any CPU
		{3F832F6E-E107-4173-AE7D-02822A66DFBC}.Release|Any CPU.ActiveCfg = Release|Any CPU
		{3F832F6E-E107-4173-AE7D-02822A66DFBC}.Release|Any CPU.Build.0 = Release|Any CPU
	EndGlobalSection
	GlobalSection(SolutionProperties) = preSolution
		HideSolutionNode = FALSE
	EndGlobalSection
	GlobalSection(ExtensibilityGlobals) = postSolution
		SolutionGuid = {AE73D08D-3A0B-4C7C-80C9-50C739E93AA6}
	EndGlobalSection
EndGlobal
